{
  "nodes": {
    "essensys-nginx": {
      "flake": false,
      "locked": {
        "narHash": "sha256-NAMUtdlWX3AHKb23Gn/q5IUoNXp3OM6a+1HL7yekQ/s=",
        "path": "/Users/nrineau/ESSENSYS/essensys-nginx",
        "type": "path"
      },
      "original": {
        "path": "../essensys-nginx",
        "type": "path"
      }
    },
    "nixpkgs": {
      "locked": {
        "lastModified": 1751274312,
        "narHash": "sha256-/bVBlRpECLVzjV19t5KMdMFWSwKLtb5RyXdjz3LJT+g=",
        "owner": "NixOS",
        "repo": "nixpkgs",
        "rev": "50ab793786d9de88ee30ec4e4c24fb4236fc2674",
        "type": "github"
      },
      "original": {
        "owner": "NixOS",
        "ref": "nixos-24.11",
        "repo": "nixpkgs",
        "type": "github"
      }
    },
    "root": {
      "inputs": {
        "essensys-nginx": "essensys-nginx",
        "nixpkgs": "nixpkgs"
      }
    }
  },
  "root": "root",
  "version": 7
}
